
Microsoft Visual Studio Solution File, Format Version 12.00
# Visual Studio 14
VisualStudioVersion = 14.0.25420.1
MinimumVisualStudioVersion = 10.0.40219.1
Project("{FAE04EC0-301F-11D3-BF4B-00C04F79EFBC}") = "ConsoleApp", "ConsoleApp\ConsoleApp.csproj", "{4EE785E3-C93E-45B3-9C24-C16055104A93}"
EndProject
Project("{FAE04EC0-301F-11D3-BF4B-00C04F79EFBC}") = "Tests", "Tests\Tests.csproj", "{6EBAF518-B83D-412C-8131-DC3FBEC589BB}"
EndProject
Project("{FAE04EC0-301F-11D3-BF4B-00C04F79EFBC}") = "Entiry", "Entiry\Entiry.csproj", "{D31AA9C1-620C-4313-A1A4-D963B84C64D2}"
EndProject
Project("{FAE04EC0-301F-11D3-BF4B-00C04F79EFBC}") = "API", "API\API.csproj", "{FE5420B8-3E06-4C2B-AD54-01731FAADD52}"
EndProject
Project("{FAE04EC0-301F-11D3-BF4B-00C04F79EFBC}") = "API.Tests", "API.Tests\API.Tests.csproj", "{B38F8206-EEDB-44C0-A510-82A2619DE246}"
EndProject
Global
	GlobalSection(SolutionConfigurationPlatforms) = preSolution
		Debug|Any CPU = Debug|Any CPU
		Release|Any CPU = Release|Any CPU
	EndGlobalSection
	GlobalSection(ProjectConfigurationPlatforms) = postSolution
		{4EE785E3-C93E-45B3-9C24-C16055104A93}.Debug|Any CPU.ActiveCfg = Debug|Any CPU
		{4EE785E3-C93E-45B3-9C24-C16055104A93}.Debug|Any CPU.Build.0 = Debug|Any CPU
		{4EE785E3-C93E-45B3-9C24-C16055104A93}.Release|Any CPU.ActiveCfg = Release|Any CPU
		{4EE785E3-C93E-45B3-9C24-C16055104A93}.Release|Any CPU.Build.0 = Release|Any CPU
		{6EBAF518-B83D-412C-8131-DC3FBEC589BB}.Debug|Any CPU.ActiveCfg = Debug|Any CPU
		{6EBAF518-B83D-412C-8131-DC3FBEC589BB}.Debug|Any CPU.Build.0 = Debug|Any CPU
		{6EBAF518-B83D-412C-8131-DC3FBEC589BB}.Release|Any CPU.ActiveCfg = Release|Any CPU
		{6EBAF518-B83D-412C-8131-DC3FBEC589BB}.Release|Any CPU.Build.0 = Release|Any CPU
		{D31AA9C1-620C-4313-A1A4-D963B84C64D2}.Debug|Any CPU.ActiveCfg = Debug|Any CPU
		{D31AA9C1-620C-4313-A1A4-D963B84C64D2}.Debug|Any CPU.Build.0 = Debug|Any CPU
		{D31AA9C1-620C-4313-A1A4-D963B84C64D2}.Release|Any CPU.ActiveCfg = Release|Any CPU
		{D31AA9C1-620C-4313-A1A4-D963B84C64D2}.Release|Any CPU.Build.0 = Release|Any CPU
		{FE5420B8-3E06-4C2B-AD54-01731FAADD52}.Debug|Any CPU.ActiveCfg = Debug|Any CPU
		{FE5420B8-3E06-4C2B-AD54-01731FAADD52}.Debug|Any CPU.Build.0 = Debug|Any CPU
		{FE5420B8-3E06-4C2B-AD54-01731FAADD52}.Release|Any CPU.ActiveCfg = Release|Any CPU
		{FE5420B8-3E06-4C2B-AD54-01731FAADD52}.Release|Any CPU.Build.0 = Release|Any CPU
		{B38F8206-EEDB-44C0-A510-82A2619DE246}.Debug|Any CPU.ActiveCfg = Debug|Any CPU
		{B38F8206-EEDB-44C0-A510-82A2619DE246}.Debug|Any CPU.Build.0 = Debug|Any CPU
		{B38F8206-EEDB-44C0-A510-82A2619DE246}.Release|Any CPU.ActiveCfg = Release|Any CPU
		{B38F8206-EEDB-44C0-A510-82A2619DE246}.Release|Any CPU.Build.0 = Release|Any CPU
	EndGlobalSection
	GlobalSection(SolutionProperties) = preSolution
		HideSolutionNode = FALSE
	EndGlobalSection
EndGlobal
